
Microsoft Visual Studio Solution File, Format Version 12.00
# Visual Studio Version 17
VisualStudioVersion = 17.3.32804.467
MinimumVisualStudioVersion = 10.0.40219.1
Project("{FAE04EC0-301F-11D3-BF4B-00C04F79EFBC}") = "WebApplication1", "WebApplication1\WebApplication1.csproj", "{DB68BE08-8D0B-4CF4-A216-B5D8B00365AE}"
EndProject
Global
	GlobalSection(SolutionConfigurationPlatforms) = preSolution
		Debug|Any CPU = Debug|Any CPU
		Release|Any CPU = Release|Any CPU
	EndGlobalSection
	GlobalSection(ProjectConfigurationPlatforms) = postSolution
		{DB68BE08-8D0B-4CF4-A216-B5D8B00365AE}.Debug|Any CPU.ActiveCfg = Debug|Any CPU
		{DB68BE08-8D0B-4CF4-A216-B5D8B00365AE}.Debug|Any CPU.Build.0 = Debug|Any CPU
		{DB68BE08-8D0B-4CF4-A216-B5D8B00365AE}.Release|Any CPU.ActiveCfg = Release|Any CPU
		{DB68BE08-8D0B-4CF4-A216-B5D8B00365AE}.Release|Any CPU.Build.0 = Release|Any CPU
	EndGlobalSection
	GlobalSection(SolutionProperties) = preSolution
		HideSolutionNode = FALSE
	EndGlobalSection
	GlobalSection(ExtensibilityGlobals) = postSolution
		SolutionGuid = {5533377E-B8C4-485F-BEBD-FF2AAD9A5C52}
	EndGlobalSection
EndGlobal
